
Microsoft Visual Studio Solution File, Format Version 12.00
# Visual Studio Version 16
VisualStudioVersion = 16.0.29326.143
MinimumVisualStudioVersion = 10.0.40219.1
Project("{8BC9CEB8-8B4A-11D0-8D11-00A0C91BC942}") = "Scorpio", "Scorpio.vcxproj", "{05F92D92-3EEF-4632-8A72-BB0C1F070DF8}"
EndProject
Global
	GlobalSection(SolutionConfigurationPlatforms) = preSolution
		Debug|x64 = Debug|x64
		Debug|x86 = Debug|x86
		Release|x64 = Release|x64
		Release|x86 = Release|x86
	EndGlobalSection
	GlobalSection(ProjectConfigurationPlatforms) = postSolution
		{05F92D92-3EEF-4632-8A72-BB0C1F070DF8}.Debug|x64.ActiveCfg = Release|Win32
		{05F92D92-3EEF-4632-8A72-BB0C1F070DF8}.Debug|x64.Build.0 = Release|Win32
		{05F92D92-3EEF-4632-8A72-BB0C1F070DF8}.Debug|x86.ActiveCfg = Debug|Win32
		{05F92D92-3EEF-4632-8A72-BB0C1F070DF8}.Debug|x86.Build.0 = Debug|Win32
		{05F92D92-3EEF-4632-8A72-BB0C1F070DF8}.Release|x64.ActiveCfg = Release|x64
		{05F92D92-3EEF-4632-8A72-BB0C1F070DF8}.Release|x64.Build.0 = Release|x64
		{05F92D92-3EEF-4632-8A72-BB0C1F070DF8}.Release|x86.ActiveCfg = Release|Win32
		{05F92D92-3EEF-4632-8A72-BB0C1F070DF8}.Release|x86.Build.0 = Release|Win32
	EndGlobalSection
	GlobalSection(SolutionProperties) = preSolution
		HideSolutionNode = FALSE
	EndGlobalSection
	GlobalSection(ExtensibilityGlobals) = postSolution
		SolutionGuid = {8004D97D-72C9-42B1-9656-B52BB1FB015B}
	EndGlobalSection
EndGlobal
